{
  "name": "ui",
  "version": "0.1.0",
  "lockfileVersion": 1,
  "requires": true,
  "dependencies": {
    "exenv": {
      "version": "1.2.2",
      "resolved": "https://registry.npmjs.org/exenv/-/exenv-1.2.2.tgz",
      "integrity": "sha1-KueOhdmJQVhnCwPUe+wfA72Ru50="
    },
    "kw-react-tween-state": {
      "version": "0.1.5",
      "resolved": "https://registry.npmjs.org/kw-react-tween-state/-/kw-react-tween-state-0.1.5.tgz",
      "integrity": "sha1-dECImI018UzMLKNq+WvAns56t4s=",
      "requires": {
        "raf": "3.3.2",
        "tween-functions": "1.2.0"
      }
    },
    "nuka-carousel": {
      "version": "2.3.0",
      "resolved": "https://registry.npmjs.org/nuka-carousel/-/nuka-carousel-2.3.0.tgz",
      "integrity": "sha512-2EXbt8fJkYmxEvr8JKqfI0O4ePOMMs0x+7hWWg2n/q+1dqDiRnMWD5aFOyElFNP1/2hJBwqSIYEjKSb2uYcvGg==",
      "requires": {
        "exenv": "1.2.2",
        "kw-react-tween-state": "0.1.5",
        "object-assign": "4.1.1"
      }
    },
    "object-assign": {
      "version": "4.1.1",
      "resolved": "https://registry.npmjs.org/object-assign/-/object-assign-4.1.1.tgz",
      "integrity": "sha1-IQmtx5ZYh8/AXLvUQsrIv7s2CGM="
    },
    "performance-now": {
      "version": "2.1.0",
      "resolved": "https://registry.npmjs.org/performance-now/-/performance-now-2.1.0.tgz",
      "integrity": "sha1-Ywn04OX6kT7BxpMHrjZLSzd8nns="
    },
    "raf": {
      "version": "3.3.2",
      "resolved": "https://registry.npmjs.org/raf/-/raf-3.3.2.tgz",
      "integrity": "sha1-DBO+C1tJtG921maSSNUnzysC/ic=",
      "requires": {
        "performance-now": "2.1.0"
      }
    },
    "tween-functions": {
      "version": "1.2.0",
      "resolved": "https://registry.npmjs.org/tween-functions/-/tween-functions-1.2.0.tgz",
      "integrity": "sha1-GuOlDnxguz3vd06scHrLynO7w/8="
    }
  }
}
